
Microsoft Visual Studio Solution File, Format Version 12.00
# Visual Studio Version 16
VisualStudioVersion = 16.0.30517.126
MinimumVisualStudioVersion = 10.0.40219.1
Project("{FAE04EC0-301F-11D3-BF4B-00C04F79EFBC}") = "Week13-Tasks", "Week13-Tasks\Week13-Tasks.csproj", "{40FCE5FB-B813-4C5D-8BEE-DCC53A4EEBDF}"
EndProject
Project("{FAE04EC0-301F-11D3-BF4B-00C04F79EFBC}") = "Ylesanne2", "Ylessanne1\Ylesanne2.csproj", "{49707FAA-C4D4-4D07-AC41-783710EFC72C}"
EndProject
Project("{FAE04EC0-301F-11D3-BF4B-00C04F79EFBC}") = "Ylesanne3", "Ylesanne3\Ylesanne3.csproj", "{6CAE6C69-6B98-40EA-BA99-17860046A4C7}"
EndProject
Project("{FAE04EC0-301F-11D3-BF4B-00C04F79EFBC}") = "Ylesanne4", "Ylesanne4\Ylesanne4.csproj", "{65B6255A-0D70-4127-BB13-99B3DEEB48CC}"
EndProject
Project("{FAE04EC0-301F-11D3-BF4B-00C04F79EFBC}") = "Ylesanne5", "Ylesanne5\Ylesanne5.csproj", "{92D31F24-BDE2-481F-BA30-D7CB471E318E}"
EndProject
Global
	GlobalSection(SolutionConfigurationPlatforms) = preSolution
		Debug|Any CPU = Debug|Any CPU
		Release|Any CPU = Release|Any CPU
	EndGlobalSection
	GlobalSection(ProjectConfigurationPlatforms) = postSolution
		{40FCE5FB-B813-4C5D-8BEE-DCC53A4EEBDF}.Debug|Any CPU.ActiveCfg = Debug|Any CPU
		{40FCE5FB-B813-4C5D-8BEE-DCC53A4EEBDF}.Debug|Any CPU.Build.0 = Debug|Any CPU
		{40FCE5FB-B813-4C5D-8BEE-DCC53A4EEBDF}.Release|Any CPU.ActiveCfg = Release|Any CPU
		{40FCE5FB-B813-4C5D-8BEE-DCC53A4EEBDF}.Release|Any CPU.Build.0 = Release|Any CPU
		{49707FAA-C4D4-4D07-AC41-783710EFC72C}.Debug|Any CPU.ActiveCfg = Debug|Any CPU
		{49707FAA-C4D4-4D07-AC41-783710EFC72C}.Debug|Any CPU.Build.0 = Debug|Any CPU
		{49707FAA-C4D4-4D07-AC41-783710EFC72C}.Release|Any CPU.ActiveCfg = Release|Any CPU
		{49707FAA-C4D4-4D07-AC41-783710EFC72C}.Release|Any CPU.Build.0 = Release|Any CPU
		{6CAE6C69-6B98-40EA-BA99-17860046A4C7}.Debug|Any CPU.ActiveCfg = Debug|Any CPU
		{6CAE6C69-6B98-40EA-BA99-17860046A4C7}.Debug|Any CPU.Build.0 = Debug|Any CPU
		{6CAE6C69-6B98-40EA-BA99-17860046A4C7}.Release|Any CPU.ActiveCfg = Release|Any CPU
		{6CAE6C69-6B98-40EA-BA99-17860046A4C7}.Release|Any CPU.Build.0 = Release|Any CPU
		{65B6255A-0D70-4127-BB13-99B3DEEB48CC}.Debug|Any CPU.ActiveCfg = Debug|Any CPU
		{65B6255A-0D70-4127-BB13-99B3DEEB48CC}.Debug|Any CPU.Build.0 = Debug|Any CPU
		{65B6255A-0D70-4127-BB13-99B3DEEB48CC}.Release|Any CPU.ActiveCfg = Release|Any CPU
		{65B6255A-0D70-4127-BB13-99B3DEEB48CC}.Release|Any CPU.Build.0 = Release|Any CPU
		{92D31F24-BDE2-481F-BA30-D7CB471E318E}.Debug|Any CPU.ActiveCfg = Debug|Any CPU
		{92D31F24-BDE2-481F-BA30-D7CB471E318E}.Debug|Any CPU.Build.0 = Debug|Any CPU
		{92D31F24-BDE2-481F-BA30-D7CB471E318E}.Release|Any CPU.ActiveCfg = Release|Any CPU
		{92D31F24-BDE2-481F-BA30-D7CB471E318E}.Release|Any CPU.Build.0 = Release|Any CPU
	EndGlobalSection
	GlobalSection(SolutionProperties) = preSolution
		HideSolutionNode = FALSE
	EndGlobalSection
	GlobalSection(ExtensibilityGlobals) = postSolution
		SolutionGuid = {87008A13-A900-4F3F-B77D-C137A2C3AEE4}
	EndGlobalSection
EndGlobal
